
Microsoft Visual Studio Solution File, Format Version 12.00
# Visual Studio Version 16
VisualStudioVersion = 16.0.30804.86
MinimumVisualStudioVersion = 10.0.40219.1
Project("{9092AA53-FB77-4645-B42D-1CCCA6BD08BD}") = "RavelDev.Librarians.ClassicalComposers", "RavelDev.Librarians.ClassicalComposers.njsproj", "{E64F8EA6-0818-496C-A9E2-13E7513B8B8E}"
EndProject
Global
	GlobalSection(SolutionConfigurationPlatforms) = preSolution
		Debug|Any CPU = Debug|Any CPU
		Release|Any CPU = Release|Any CPU
	EndGlobalSection
	GlobalSection(ProjectConfigurationPlatforms) = postSolution
		{E64F8EA6-0818-496C-A9E2-13E7513B8B8E}.Debug|Any CPU.ActiveCfg = Debug|Any CPU
		{E64F8EA6-0818-496C-A9E2-13E7513B8B8E}.Debug|Any CPU.Build.0 = Debug|Any CPU
		{E64F8EA6-0818-496C-A9E2-13E7513B8B8E}.Release|Any CPU.ActiveCfg = Release|Any CPU
		{E64F8EA6-0818-496C-A9E2-13E7513B8B8E}.Release|Any CPU.Build.0 = Release|Any CPU
	EndGlobalSection
	GlobalSection(SolutionProperties) = preSolution
		HideSolutionNode = FALSE
	EndGlobalSection
	GlobalSection(ExtensibilityGlobals) = postSolution
		SolutionGuid = {6C39CA5C-6467-4856-8545-71A631660621}
	EndGlobalSection
EndGlobal
